
Microsoft Visual Studio Solution File, Format Version 12.00
# Visual Studio Version 16
VisualStudioVersion = 16.0.30114.105
MinimumVisualStudioVersion = 10.0.40219.1
Project("{2150E333-8FDC-42A3-9474-1A3956D46DE8}") = "src", "src", "{9390A72E-DB92-4272-93B8-E8DF4D2808C2}"
EndProject
Project("{FAE04EC0-301F-11D3-BF4B-00C04F79EFBC}") = "Longbow.Tasks.EFCore", "src\Longbow.Tasks.EFCore\Longbow.Tasks.EFCore.csproj", "{131A0AF8-AF6F-4F5C-8281-31EAC4375589}"
EndProject
Project("{2150E333-8FDC-42A3-9474-1A3956D46DE8}") = "test", "test", "{F6DF655E-5DF6-44B9-A307-1CF9B09CC9AE}"
EndProject
Project("{FAE04EC0-301F-11D3-BF4B-00C04F79EFBC}") = "Longbow.Tasks.EFCore.Test", "test\Longbow.Tasks.EFCore.Test\Longbow.Tasks.EFCore.Test.csproj", "{347915A6-0463-4973-9388-87E4E435A6B3}"
EndProject
Global
	GlobalSection(SolutionConfigurationPlatforms) = preSolution
		Debug|Any CPU = Debug|Any CPU
		Release|Any CPU = Release|Any CPU
	EndGlobalSection
	GlobalSection(SolutionProperties) = preSolution
		HideSolutionNode = FALSE
	EndGlobalSection
	GlobalSection(ProjectConfigurationPlatforms) = postSolution
		{131A0AF8-AF6F-4F5C-8281-31EAC4375589}.Debug|Any CPU.ActiveCfg = Debug|Any CPU
		{131A0AF8-AF6F-4F5C-8281-31EAC4375589}.Debug|Any CPU.Build.0 = Debug|Any CPU
		{131A0AF8-AF6F-4F5C-8281-31EAC4375589}.Release|Any CPU.ActiveCfg = Release|Any CPU
		{131A0AF8-AF6F-4F5C-8281-31EAC4375589}.Release|Any CPU.Build.0 = Release|Any CPU
		{347915A6-0463-4973-9388-87E4E435A6B3}.Debug|Any CPU.ActiveCfg = Debug|Any CPU
		{347915A6-0463-4973-9388-87E4E435A6B3}.Debug|Any CPU.Build.0 = Debug|Any CPU
		{347915A6-0463-4973-9388-87E4E435A6B3}.Release|Any CPU.ActiveCfg = Release|Any CPU
		{347915A6-0463-4973-9388-87E4E435A6B3}.Release|Any CPU.Build.0 = Release|Any CPU
	EndGlobalSection
	GlobalSection(NestedProjects) = preSolution
		{131A0AF8-AF6F-4F5C-8281-31EAC4375589} = {9390A72E-DB92-4272-93B8-E8DF4D2808C2}
		{347915A6-0463-4973-9388-87E4E435A6B3} = {F6DF655E-5DF6-44B9-A307-1CF9B09CC9AE}
	EndGlobalSection
EndGlobal
